
Microsoft Visual Studio Solution File, Format Version 12.00
# Visual Studio Version 17
VisualStudioVersion = 17.11.35327.3
MinimumVisualStudioVersion = 10.0.40219.1
Project("{FAE04EC0-301F-11D3-BF4B-00C04F79EFBC}") = "Delegados Y Métodos Anónimos C#", "Delegados Y Métodos Anónimos C#\Delegados Y Métodos Anónimos C#.csproj", "{80DC6089-EF32-4EC6-BB48-5895E8F03FAA}"
EndProject
Global
	GlobalSection(SolutionConfigurationPlatforms) = preSolution
		Debug|Any CPU = Debug|Any CPU
		Release|Any CPU = Release|Any CPU
	EndGlobalSection
	GlobalSection(ProjectConfigurationPlatforms) = postSolution
		{80DC6089-EF32-4EC6-BB48-5895E8F03FAA}.Debug|Any CPU.ActiveCfg = Debug|Any CPU
		{80DC6089-EF32-4EC6-BB48-5895E8F03FAA}.Debug|Any CPU.Build.0 = Debug|Any CPU
		{80DC6089-EF32-4EC6-BB48-5895E8F03FAA}.Release|Any CPU.ActiveCfg = Release|Any CPU
		{80DC6089-EF32-4EC6-BB48-5895E8F03FAA}.Release|Any CPU.Build.0 = Release|Any CPU
	EndGlobalSection
	GlobalSection(SolutionProperties) = preSolution
		HideSolutionNode = FALSE
	EndGlobalSection
	GlobalSection(ExtensibilityGlobals) = postSolution
		SolutionGuid = {1A091108-A24A-442F-BCD2-F94870E957D7}
	EndGlobalSection
EndGlobal
